
Microsoft Visual Studio Solution File, Format Version 12.00
# Visual Studio Version 16
VisualStudioVersion = 16.0.30225.117
MinimumVisualStudioVersion = 10.0.40219.1
Project("{2150E333-8FDC-42A3-9474-1A3956D46DE8}") = "src", "src", "{4CDD72E0-3162-43EF-952A-954BCC5CC171}"
EndProject
Project("{2150E333-8FDC-42A3-9474-1A3956D46DE8}") = "Application", "Application", "{8146337B-8178-4306-8393-DC6BA2F82B3E}"
EndProject
Project("{2150E333-8FDC-42A3-9474-1A3956D46DE8}") = "Domain", "Domain", "{7BA3E650-542B-4B7F-A1C4-4266383139A0}"
EndProject
Project("{2150E333-8FDC-42A3-9474-1A3956D46DE8}") = "Infrastructure", "Infrastructure", "{9F4B3930-6493-4C99-9877-1E0EEA6F7EAA}"
EndProject
Project("{2150E333-8FDC-42A3-9474-1A3956D46DE8}") = "Presentation", "Presentation", "{F24C40FF-9DA3-4805-989F-3C85121E5F68}"
EndProject
Project("{9A19103F-16F7-4668-BE54-9A1E7A4F7556}") = "CodeCheater.Domain", "src\CodeCheater.Domain\CodeCheater.Domain.csproj", "{31526B97-F3F1-4422-817D-B9EFA598CDAE}"
EndProject
Project("{9A19103F-16F7-4668-BE54-9A1E7A4F7556}") = "CodeCheater.Application", "src\CodeCheater.Application\CodeCheater.Application.csproj", "{C8F51F81-3785-48DF-8E1F-CFD6D7640EEE}"
EndProject
Project("{2150E333-8FDC-42A3-9474-1A3956D46DE8}") = "API", "API", "{8713A564-F4DC-44FA-BF01-4B12702F1F12}"
EndProject
Project("{9A19103F-16F7-4668-BE54-9A1E7A4F7556}") = "CodeCheater.Basket.API", "src\CodeCheater.Basket.API\CodeCheater.Basket.API.csproj", "{59812E43-E843-443A-A170-F97991350DA1}"
EndProject
Project("{E53339B2-1760-4266-BCC7-CA923CBCF16C}") = "docker-compose", "docker-compose.dcproj", "{03C8B7A3-7064-45EF-952D-581ED2E51002}"
EndProject
Project("{9A19103F-16F7-4668-BE54-9A1E7A4F7556}") = "CodeCheater.Infrastructure", "src\CodeCheater.Infrastructure\CodeCheater.Infrastructure.csproj", "{8D6AE074-9E48-4A19-9887-B94F49DA616F}"
EndProject
Project("{FAE04EC0-301F-11D3-BF4B-00C04F79EFBC}") = "CodeCheater.Product.API", "src\CodeCheater.Product.API\CodeCheater.Product.API.csproj", "{722189E1-3668-42B6-8BD9-E0957461C061}"
EndProject
Global
	GlobalSection(SolutionConfigurationPlatforms) = preSolution
		Debug|Any CPU = Debug|Any CPU
		Release|Any CPU = Release|Any CPU
	EndGlobalSection
	GlobalSection(ProjectConfigurationPlatforms) = postSolution
		{31526B97-F3F1-4422-817D-B9EFA598CDAE}.Debug|Any CPU.ActiveCfg = Debug|Any CPU
		{31526B97-F3F1-4422-817D-B9EFA598CDAE}.Debug|Any CPU.Build.0 = Debug|Any CPU
		{31526B97-F3F1-4422-817D-B9EFA598CDAE}.Release|Any CPU.ActiveCfg = Release|Any CPU
		{31526B97-F3F1-4422-817D-B9EFA598CDAE}.Release|Any CPU.Build.0 = Release|Any CPU
		{C8F51F81-3785-48DF-8E1F-CFD6D7640EEE}.Debug|Any CPU.ActiveCfg = Debug|Any CPU
		{C8F51F81-3785-48DF-8E1F-CFD6D7640EEE}.Debug|Any CPU.Build.0 = Debug|Any CPU
		{C8F51F81-3785-48DF-8E1F-CFD6D7640EEE}.Release|Any CPU.ActiveCfg = Release|Any CPU
		{C8F51F81-3785-48DF-8E1F-CFD6D7640EEE}.Release|Any CPU.Build.0 = Release|Any CPU
		{59812E43-E843-443A-A170-F97991350DA1}.Debug|Any CPU.ActiveCfg = Debug|Any CPU
		{59812E43-E843-443A-A170-F97991350DA1}.Debug|Any CPU.Build.0 = Debug|Any CPU
		{59812E43-E843-443A-A170-F97991350DA1}.Release|Any CPU.ActiveCfg = Release|Any CPU
		{59812E43-E843-443A-A170-F97991350DA1}.Release|Any CPU.Build.0 = Release|Any CPU
		{03C8B7A3-7064-45EF-952D-581ED2E51002}.Debug|Any CPU.ActiveCfg = Debug|Any CPU
		{03C8B7A3-7064-45EF-952D-581ED2E51002}.Debug|Any CPU.Build.0 = Debug|Any CPU
		{03C8B7A3-7064-45EF-952D-581ED2E51002}.Release|Any CPU.ActiveCfg = Release|Any CPU
		{03C8B7A3-7064-45EF-952D-581ED2E51002}.Release|Any CPU.Build.0 = Release|Any CPU
		{8D6AE074-9E48-4A19-9887-B94F49DA616F}.Debug|Any CPU.ActiveCfg = Debug|Any CPU
		{8D6AE074-9E48-4A19-9887-B94F49DA616F}.Debug|Any CPU.Build.0 = Debug|Any CPU
		{8D6AE074-9E48-4A19-9887-B94F49DA616F}.Release|Any CPU.ActiveCfg = Release|Any CPU
		{8D6AE074-9E48-4A19-9887-B94F49DA616F}.Release|Any CPU.Build.0 = Release|Any CPU
		{722189E1-3668-42B6-8BD9-E0957461C061}.Debug|Any CPU.ActiveCfg = Debug|Any CPU
		{722189E1-3668-42B6-8BD9-E0957461C061}.Debug|Any CPU.Build.0 = Debug|Any CPU
		{722189E1-3668-42B6-8BD9-E0957461C061}.Release|Any CPU.ActiveCfg = Release|Any CPU
		{722189E1-3668-42B6-8BD9-E0957461C061}.Release|Any CPU.Build.0 = Release|Any CPU
	EndGlobalSection
	GlobalSection(SolutionProperties) = preSolution
		HideSolutionNode = FALSE
	EndGlobalSection
	GlobalSection(NestedProjects) = preSolution
		{8146337B-8178-4306-8393-DC6BA2F82B3E} = {4CDD72E0-3162-43EF-952A-954BCC5CC171}
		{7BA3E650-542B-4B7F-A1C4-4266383139A0} = {4CDD72E0-3162-43EF-952A-954BCC5CC171}
		{9F4B3930-6493-4C99-9877-1E0EEA6F7EAA} = {4CDD72E0-3162-43EF-952A-954BCC5CC171}
		{F24C40FF-9DA3-4805-989F-3C85121E5F68} = {4CDD72E0-3162-43EF-952A-954BCC5CC171}
		{31526B97-F3F1-4422-817D-B9EFA598CDAE} = {7BA3E650-542B-4B7F-A1C4-4266383139A0}
		{C8F51F81-3785-48DF-8E1F-CFD6D7640EEE} = {8146337B-8178-4306-8393-DC6BA2F82B3E}
		{8713A564-F4DC-44FA-BF01-4B12702F1F12} = {4CDD72E0-3162-43EF-952A-954BCC5CC171}
		{59812E43-E843-443A-A170-F97991350DA1} = {8713A564-F4DC-44FA-BF01-4B12702F1F12}
		{8D6AE074-9E48-4A19-9887-B94F49DA616F} = {9F4B3930-6493-4C99-9877-1E0EEA6F7EAA}
		{722189E1-3668-42B6-8BD9-E0957461C061} = {8713A564-F4DC-44FA-BF01-4B12702F1F12}
	EndGlobalSection
	GlobalSection(ExtensibilityGlobals) = postSolution
		SolutionGuid = {07D5DA16-CEE1-4855-A932-5EA318A0BE6C}
	EndGlobalSection
EndGlobal
